
Microsoft Visual Studio Solution File, Format Version 12.00
# Visual Studio Version 17
VisualStudioVersion = 17.9.34723.18
MinimumVisualStudioVersion = 10.0.40219.1
Project("{FAE04EC0-301F-11D3-BF4B-00C04F79EFBC}") = "Atividade 2", "Atividade 2\Atividade 2.csproj", "{31C5561E-2B75-41EB-984E-4E6D869E2B46}"
EndProject
Global
	GlobalSection(SolutionConfigurationPlatforms) = preSolution
		Debug|Any CPU = Debug|Any CPU
		Release|Any CPU = Release|Any CPU
	EndGlobalSection
	GlobalSection(ProjectConfigurationPlatforms) = postSolution
		{31C5561E-2B75-41EB-984E-4E6D869E2B46}.Debug|Any CPU.ActiveCfg = Debug|Any CPU
		{31C5561E-2B75-41EB-984E-4E6D869E2B46}.Debug|Any CPU.Build.0 = Debug|Any CPU
		{31C5561E-2B75-41EB-984E-4E6D869E2B46}.Release|Any CPU.ActiveCfg = Release|Any CPU
		{31C5561E-2B75-41EB-984E-4E6D869E2B46}.Release|Any CPU.Build.0 = Release|Any CPU
	EndGlobalSection
	GlobalSection(SolutionProperties) = preSolution
		HideSolutionNode = FALSE
	EndGlobalSection
	GlobalSection(ExtensibilityGlobals) = postSolution
		SolutionGuid = {0F7E37DD-79AB-42C4-99B0-60E85F9F431F}
	EndGlobalSection
EndGlobal
